
Microsoft Visual Studio Solution File, Format Version 12.00
# Visual Studio Version 17
VisualStudioVersion = 17.10.35027.167
MinimumVisualStudioVersion = 10.0.40219.1
Project("{FAE04EC0-301F-11D3-BF4B-00C04F79EFBC}") = "BlazorApp9", "BlazorApp9\BlazorApp9.csproj", "{DE2ED087-7181-4E9E-8402-F0EABC610A8E}"
EndProject
Global
	GlobalSection(SolutionConfigurationPlatforms) = preSolution
		Debug|Any CPU = Debug|Any CPU
		Release|Any CPU = Release|Any CPU
	EndGlobalSection
	GlobalSection(ProjectConfigurationPlatforms) = postSolution
		{DE2ED087-7181-4E9E-8402-F0EABC610A8E}.Debug|Any CPU.ActiveCfg = Debug|Any CPU
		{DE2ED087-7181-4E9E-8402-F0EABC610A8E}.Debug|Any CPU.Build.0 = Debug|Any CPU
		{DE2ED087-7181-4E9E-8402-F0EABC610A8E}.Release|Any CPU.ActiveCfg = Release|Any CPU
		{DE2ED087-7181-4E9E-8402-F0EABC610A8E}.Release|Any CPU.Build.0 = Release|Any CPU
	EndGlobalSection
	GlobalSection(SolutionProperties) = preSolution
		HideSolutionNode = FALSE
	EndGlobalSection
	GlobalSection(ExtensibilityGlobals) = postSolution
		SolutionGuid = {F826077C-1846-4DC0-BA6C-B703C1B2A238}
	EndGlobalSection
EndGlobal
